
Microsoft Visual Studio Solution File, Format Version 12.00
# Visual Studio Version 16
VisualStudioVersion = 16.0.31624.102
MinimumVisualStudioVersion = 10.0.40219.1
Project("{9A19103F-16F7-4668-BE54-9A1E7A4F7556}") = "MarvelClient", "MarvelClient\MarvelClient.csproj", "{FD976530-055A-41FC-B4CF-C3C083552ED2}"
EndProject
Project("{FAE04EC0-301F-11D3-BF4B-00C04F79EFBC}") = "MarvelClientShould", "MarvelClientShould\MarvelClientShould.csproj", "{D61044D3-CFAC-4CBA-8E34-A5998CDADB06}"
EndProject
Global
	GlobalSection(SolutionConfigurationPlatforms) = preSolution
		Debug|Any CPU = Debug|Any CPU
		Release|Any CPU = Release|Any CPU
	EndGlobalSection
	GlobalSection(ProjectConfigurationPlatforms) = postSolution
		{FD976530-055A-41FC-B4CF-C3C083552ED2}.Debug|Any CPU.ActiveCfg = Debug|Any CPU
		{FD976530-055A-41FC-B4CF-C3C083552ED2}.Debug|Any CPU.Build.0 = Debug|Any CPU
		{FD976530-055A-41FC-B4CF-C3C083552ED2}.Release|Any CPU.ActiveCfg = Release|Any CPU
		{FD976530-055A-41FC-B4CF-C3C083552ED2}.Release|Any CPU.Build.0 = Release|Any CPU
		{D61044D3-CFAC-4CBA-8E34-A5998CDADB06}.Debug|Any CPU.ActiveCfg = Debug|Any CPU
		{D61044D3-CFAC-4CBA-8E34-A5998CDADB06}.Debug|Any CPU.Build.0 = Debug|Any CPU
		{D61044D3-CFAC-4CBA-8E34-A5998CDADB06}.Release|Any CPU.ActiveCfg = Release|Any CPU
		{D61044D3-CFAC-4CBA-8E34-A5998CDADB06}.Release|Any CPU.Build.0 = Release|Any CPU
	EndGlobalSection
	GlobalSection(SolutionProperties) = preSolution
		HideSolutionNode = FALSE
	EndGlobalSection
	GlobalSection(ExtensibilityGlobals) = postSolution
		SolutionGuid = {3AFFBA6F-D668-42BA-A2FB-EC611EA08F63}
	EndGlobalSection
EndGlobal
